
Microsoft Visual Studio Solution File, Format Version 12.00
# Visual Studio 2012
Project("{2150E333-8FDC-42A3-9474-1A3956D46DE8}") = "Application", "Application", "{8C03CFCE-9E47-4D38-8461-EC1E9FEC1C88}"
EndProject
Project("{2150E333-8FDC-42A3-9474-1A3956D46DE8}") = "Presentation", "Presentation", "{CF99CAB0-8111-48BA-A576-A50D825BEDA6}"
EndProject
Project("{2150E333-8FDC-42A3-9474-1A3956D46DE8}") = "Persistence", "Persistence", "{9B0BC6C9-06C6-4B1C-A014-9D5F7CC942C1}"
EndProject
Project("{2150E333-8FDC-42A3-9474-1A3956D46DE8}") = "Framework", "Framework", "{D03457A8-5E42-49BB-95E1-AAD8F065763C}"
	ProjectSection(SolutionItems) = preProject
		Formall\Reflection\IValidatable.cs = Formall\Reflection\IValidatable.cs
	EndProjectSection
EndProject
Project("{FAE04EC0-301F-11D3-BF4B-00C04F79EFBC}") = "Formall", "Formall\Formall.csproj", "{F2147785-4648-4BD4-9D73-D61E07E1B0DE}"
EndProject
Project("{FAE04EC0-301F-11D3-BF4B-00C04F79EFBC}") = "Formall.Exchange", "Formall.Exchange\Formall.Exchange.csproj", "{9CBF8C19-3EFF-47B0-B9F3-8084FB071A80}"
EndProject
Project("{FAE04EC0-301F-11D3-BF4B-00C04F79EFBC}") = "Formall.Web", "Formall.Web\Formall.Web.csproj", "{948B90A0-1D72-4FBB-8F83-DD10662DA3AB}"
EndProject
Project("{FAE04EC0-301F-11D3-BF4B-00C04F79EFBC}") = "Formall.Authentication", "Formall.Authentication\Formall.Authentication.csproj", "{3B7957AB-6AED-4447-84DC-7E7AE2846C66}"
EndProject
Project("{FAE04EC0-301F-11D3-BF4B-00C04F79EFBC}") = "Formall.Authorization", "Formall.Authorization\Formall.Authorization.csproj", "{5B87C55E-620F-4FCE-9A13-E0530E0621FB}"
EndProject
Project("{FAE04EC0-301F-11D3-BF4B-00C04F79EFBC}") = "Formall.Diagnostics", "Formall.Diagnostics\Formall.Diagnostics.csproj", "{BBD01F42-A9A8-4426-B30C-3AF9B716C864}"
EndProject
Project("{FAE04EC0-301F-11D3-BF4B-00C04F79EFBC}") = "Formall.Localization", "Formall.Localization\Formall.Localization.csproj", "{1145E09A-7DA1-407F-BBFB-C0F36CF21B8E}"
EndProject
Project("{FAE04EC0-301F-11D3-BF4B-00C04F79EFBC}") = "Formall.Serialization", "Formall.Serialization\Formall.Serialization.csproj", "{C68A1A85-7D50-4CF6-A4E1-986CA27F608B}"
EndProject
Project("{FAE04EC0-301F-11D3-BF4B-00C04F79EFBC}") = "Formall.Loggly", "Formall.Loggly\Formall.Loggly.csproj", "{6ED8F35E-B717-474A-AEB7-F7D4DDDB4C5B}"
EndProject
Project("{FAE04EC0-301F-11D3-BF4B-00C04F79EFBC}") = "Formall.Automation", "Formall.Automation\Formall.Automation.csproj", "{5DC7127C-DD67-43E9-A0C1-4559A178C9A1}"
EndProject
Project("{FAE04EC0-301F-11D3-BF4B-00C04F79EFBC}") = "Formall.EntityFramework", "Formall.EntityFramework\Formall.EntityFramework.csproj", "{3CACCEB7-3D9B-46A4-876C-09E61ED62816}"
EndProject
Project("{FAE04EC0-301F-11D3-BF4B-00C04F79EFBC}") = "Formall.RavenDB", "Formall.RavenDB\Formall.RavenDB.csproj", "{9EE4036F-84C0-441B-B17F-C3D16A9FC2B9}"
EndProject
Project("{FAE04EC0-301F-11D3-BF4B-00C04F79EFBC}") = "Formall.MongoDB", "Formall.MongoDB\Formall.MongoDB.csproj", "{5536B89B-569C-47C3-9067-41325C6A4DCD}"
EndProject
Project("{FAE04EC0-301F-11D3-BF4B-00C04F79EFBC}") = "Formall.CouchDB", "Formall.CouchDB\Formall.CouchDB.csproj", "{2853B55C-ED54-499B-8EA9-638F6C40CD25}"
EndProject
Project("{2150E333-8FDC-42A3-9474-1A3956D46DE8}") = "Unit Test", "Unit Test", "{6F937DA2-B615-4695-965E-AEAB5493D2BD}"
EndProject
Project("{FAE04EC0-301F-11D3-BF4B-00C04F79EFBC}") = "Formall.Logstash", "Formall.Logstash\Formall.Logstash.csproj", "{7BFD9F49-6EC3-4CA6-8A91-B4AF38075262}"
EndProject
Project("{FAE04EC0-301F-11D3-BF4B-00C04F79EFBC}") = "Formall.Elasticsearch", "Formall.Elasticsearch\Formall.Elasticsearch.csproj", "{4A4240AC-49E5-4426-9A4C-915122EC84D7}"
EndProject
Project("{FAE04EC0-301F-11D3-BF4B-00C04F79EFBC}") = "Formall.SqlServer", "Formall.SqlServer\Formall.SqlServer.csproj", "{27E94DF3-193E-409E-B88A-502D3BB79784}"
EndProject
Project("{FAE04EC0-301F-11D3-BF4B-00C04F79EFBC}") = "Formall.MySql", "Formall.MySql\Formall.MySql.csproj", "{30020204-6A41-41D2-86E5-EA61E0D2731B}"
EndProject
Project("{FAE04EC0-301F-11D3-BF4B-00C04F79EFBC}") = "Formall.DynamoDB", "Formall.DynamoDB\Formall.DynamoDB.csproj", "{FEAA13A3-895D-4895-9B33-9A9B217CBB84}"
EndProject
Project("{FAE04EC0-301F-11D3-BF4B-00C04F79EFBC}") = "Formall.Office", "Formall.Office\Formall.Office.csproj", "{CC410D41-DAC7-4C61-B9CA-FFF04CD1DD7D}"
EndProject
Project("{FAE04EC0-301F-11D3-BF4B-00C04F79EFBC}") = "Formall.Evernote", "Formall.Evernote\Formall.Evernote.csproj", "{B073ECAE-001A-4D42-8D02-1600932D314D}"
EndProject
Project("{FAE04EC0-301F-11D3-BF4B-00C04F79EFBC}") = "Formall.Dropbox", "Formall.Dropbox\Formall.Dropbox.csproj", "{1858C7C4-CDAF-4CEF-8716-B5A98F34F2C3}"
EndProject
Project("{FAE04EC0-301F-11D3-BF4B-00C04F79EFBC}") = "Formall.Office360", "Formall.Office360\Formall.Office360.csproj", "{48BBE4BF-AB87-46AC-ADA6-5C0513D31FF8}"
EndProject
Project("{2150E333-8FDC-42A3-9474-1A3956D46DE8}") = "Metadata", "Metadata", "{E561C849-7F11-41A8-8640-847047AE9767}"
EndProject
Project("{2150E333-8FDC-42A3-9474-1A3956D46DE8}") = "Miscellaneous", "Miscellaneous", "{872EB3FE-8F0F-4ECA-B323-A8D6A293B7CA}"
EndProject
Project("{FAE04EC0-301F-11D3-BF4B-00C04F79EFBC}") = "Formall.Oracle", "Formall.Oracle\Formall.Oracle.csproj", "{2F5AFC6A-EF35-436B-A299-8A3729FAB322}"
EndProject
Project("{FAE04EC0-301F-11D3-BF4B-00C04F79EFBC}") = "Formall.Twitter", "Formall.Twitter\Formall.Twitter.csproj", "{9729C9B3-4ABC-490A-8CFA-00FA4BC4F250}"
EndProject
Project("{FAE04EC0-301F-11D3-BF4B-00C04F79EFBC}") = "Formall.Facebook", "Formall.Facebook\Formall.Facebook.csproj", "{7FBD01AE-A646-47DC-98EC-2519B3930A18}"
EndProject
Project("{FAE04EC0-301F-11D3-BF4B-00C04F79EFBC}") = "Formall.Sql", "Formall.Sql\Formall.Sql.csproj", "{7561C23D-6756-4D45-A895-7E0486A85FFD}"
EndProject
Project("{FAE04EC0-301F-11D3-BF4B-00C04F79EFBC}") = "Formall.Ado", "Formall.Ado\Formall.Ado.csproj", "{4AC5F930-FD08-4C6E-9F22-99CE70985DEE}"
EndProject
Project("{FAE04EC0-301F-11D3-BF4B-00C04F79EFBC}") = "Formall.OAuth2", "Formall.OAuth2\Formall.OAuth2.csproj", "{922B221C-F55E-4F14-8961-2EFF672B56EF}"
EndProject
Project("{FAE04EC0-301F-11D3-BF4B-00C04F79EFBC}") = "Formall.Identity", "Formall.Identity\Formall.Identity.csproj", "{04BADD28-BEBB-4381-9232-BC95A6912A60}"
EndProject
Project("{FAE04EC0-301F-11D3-BF4B-00C04F79EFBC}") = "Formall.Presentation", "Formall.Presentation\Formall.Presentation.csproj", "{774379C8-34A6-4B9D-A114-401BC660B1BB}"
EndProject
Project("{FAE04EC0-301F-11D3-BF4B-00C04F79EFBC}") = "Formall.Persistence", "Formall.Persistence\Formall.Persistence.csproj", "{1C40EC3C-9D39-4367-92B6-7117CAFC73EC}"
EndProject
Project("{FAE04EC0-301F-11D3-BF4B-00C04F79EFBC}") = "Formall.Tests", "Formall.Tests\Formall.Tests.csproj", "{E4355688-2D81-4FE5-9A18-94B5E013AEE7}"
EndProject
Project("{FAE04EC0-301F-11D3-BF4B-00C04F79EFBC}") = "Formall.Data", "Formall.Data\Formall.Data.csproj", "{23ADF522-31D0-40D3-9823-D415FF9B83F4}"
EndProject
Project("{FAE04EC0-301F-11D3-BF4B-00C04F79EFBC}") = "Formall.RavenDB.Tests", "Formall.RavenDB.Tests\Formall.RavenDB.Tests.csproj", "{0DAB6841-496C-4F6D-AAA0-B879F4DBB986}"
EndProject
Project("{FAE04EC0-301F-11D3-BF4B-00C04F79EFBC}") = "Formall.Web.Mvc.Server", "Formall.Web.Mvc.Server\Formall.Web.Mvc.Server.csproj", "{72078339-B7E3-4389-ABFA-6C0A96B4DE59}"
EndProject
Project("{FAE04EC0-301F-11D3-BF4B-00C04F79EFBC}") = "Formall.Web.Mvc.Server.Tests", "Formall.Web.Mvc.Server.Tests\Formall.Web.Mvc.Server.Tests.csproj", "{1C7CFCC1-4927-43BB-939A-7D9D4A915190}"
EndProject
Project("{FAE04EC0-301F-11D3-BF4B-00C04F79EFBC}") = "Formall.Workflow", "Formall.Workflow\Formall.Workflow.csproj", "{6FB13F6A-5D11-4B3A-B336-22857A8AAF5F}"
EndProject
Project("{FAE04EC0-301F-11D3-BF4B-00C04F79EFBC}") = "Formall.Web.Drawing", "Formall.Web.Drawing\Formall.Web.Drawing.csproj", "{F4F49E38-7073-4299-ABBE-421D8CD6E71B}"
EndProject
Project("{FAE04EC0-301F-11D3-BF4B-00C04F79EFBC}") = "Formall.Imaging", "Formall.Imaging\Formall.Imaging.csproj", "{324D6747-88A7-4E91-A427-5162D4C202EF}"
EndProject
Project("{FAE04EC0-301F-11D3-BF4B-00C04F79EFBC}") = "Formall.Web.Mvc.ExtJs", "Formall.Web.Mvc.ExtJs\Formall.Web.Mvc.ExtJs.csproj", "{F9371A83-FEF7-4C95-90BF-5F1E011254C6}"
EndProject
Project("{FAE04EC0-301F-11D3-BF4B-00C04F79EFBC}") = "Formall.Web.Optimization", "Formall.Web.Optimization\Formall.Web.Optimization.csproj", "{9870428B-1535-4D86-9021-FDC488C899E1}"
EndProject
Project("{FAE04EC0-301F-11D3-BF4B-00C04F79EFBC}") = "Formall.Web.Optimization.Compass", "Formall.Web.Optimization.Compass\Formall.Web.Optimization.Compass.csproj", "{D6C1FAC0-C795-4051-B5BB-D4B485E2D8FC}"
EndProject
Project("{FAE04EC0-301F-11D3-BF4B-00C04F79EFBC}") = "Formall.Web.Styling", "Formall.Web.Styling\Formall.Web.Styling.csproj", "{2EB19A94-2748-441E-B56D-1855714A056B}"
EndProject
Global
	GlobalSection(SolutionConfigurationPlatforms) = preSolution
		Debug|Any CPU = Debug|Any CPU
		Release|Any CPU = Release|Any CPU
	EndGlobalSection
	GlobalSection(ProjectConfigurationPlatforms) = postSolution
		{F2147785-4648-4BD4-9D73-D61E07E1B0DE}.Debug|Any CPU.ActiveCfg = Debug|Any CPU
		{F2147785-4648-4BD4-9D73-D61E07E1B0DE}.Debug|Any CPU.Build.0 = Debug|Any CPU
		{F2147785-4648-4BD4-9D73-D61E07E1B0DE}.Release|Any CPU.ActiveCfg = Release|Any CPU
		{F2147785-4648-4BD4-9D73-D61E07E1B0DE}.Release|Any CPU.Build.0 = Release|Any CPU
		{9CBF8C19-3EFF-47B0-B9F3-8084FB071A80}.Debug|Any CPU.ActiveCfg = Debug|Any CPU
		{9CBF8C19-3EFF-47B0-B9F3-8084FB071A80}.Debug|Any CPU.Build.0 = Debug|Any CPU
		{9CBF8C19-3EFF-47B0-B9F3-8084FB071A80}.Release|Any CPU.ActiveCfg = Release|Any CPU
		{9CBF8C19-3EFF-47B0-B9F3-8084FB071A80}.Release|Any CPU.Build.0 = Release|Any CPU
		{948B90A0-1D72-4FBB-8F83-DD10662DA3AB}.Debug|Any CPU.ActiveCfg = Debug|Any CPU
		{948B90A0-1D72-4FBB-8F83-DD10662DA3AB}.Debug|Any CPU.Build.0 = Debug|Any CPU
		{948B90A0-1D72-4FBB-8F83-DD10662DA3AB}.Release|Any CPU.ActiveCfg = Release|Any CPU
		{948B90A0-1D72-4FBB-8F83-DD10662DA3AB}.Release|Any CPU.Build.0 = Release|Any CPU
		{3B7957AB-6AED-4447-84DC-7E7AE2846C66}.Debug|Any CPU.ActiveCfg = Debug|Any CPU
		{3B7957AB-6AED-4447-84DC-7E7AE2846C66}.Debug|Any CPU.Build.0 = Debug|Any CPU
		{3B7957AB-6AED-4447-84DC-7E7AE2846C66}.Release|Any CPU.ActiveCfg = Release|Any CPU
		{3B7957AB-6AED-4447-84DC-7E7AE2846C66}.Release|Any CPU.Build.0 = Release|Any CPU
		{5B87C55E-620F-4FCE-9A13-E0530E0621FB}.Debug|Any CPU.ActiveCfg = Debug|Any CPU
		{5B87C55E-620F-4FCE-9A13-E0530E0621FB}.Debug|Any CPU.Build.0 = Debug|Any CPU
		{5B87C55E-620F-4FCE-9A13-E0530E0621FB}.Release|Any CPU.ActiveCfg = Release|Any CPU
		{5B87C55E-620F-4FCE-9A13-E0530E0621FB}.Release|Any CPU.Build.0 = Release|Any CPU
		{BBD01F42-A9A8-4426-B30C-3AF9B716C864}.Debug|Any CPU.ActiveCfg = Debug|Any CPU
		{BBD01F42-A9A8-4426-B30C-3AF9B716C864}.Debug|Any CPU.Build.0 = Debug|Any CPU
		{BBD01F42-A9A8-4426-B30C-3AF9B716C864}.Release|Any CPU.ActiveCfg = Release|Any CPU
		{BBD01F42-A9A8-4426-B30C-3AF9B716C864}.Release|Any CPU.Build.0 = Release|Any CPU
		{1145E09A-7DA1-407F-BBFB-C0F36CF21B8E}.Debug|Any CPU.ActiveCfg = Debug|Any CPU
		{1145E09A-7DA1-407F-BBFB-C0F36CF21B8E}.Debug|Any CPU.Build.0 = Debug|Any CPU
		{1145E09A-7DA1-407F-BBFB-C0F36CF21B8E}.Release|Any CPU.ActiveCfg = Release|Any CPU
		{1145E09A-7DA1-407F-BBFB-C0F36CF21B8E}.Release|Any CPU.Build.0 = Release|Any CPU
		{C68A1A85-7D50-4CF6-A4E1-986CA27F608B}.Debug|Any CPU.ActiveCfg = Debug|Any CPU
		{C68A1A85-7D50-4CF6-A4E1-986CA27F608B}.Debug|Any CPU.Build.0 = Debug|Any CPU
		{C68A1A85-7D50-4CF6-A4E1-986CA27F608B}.Release|Any CPU.ActiveCfg = Release|Any CPU
		{C68A1A85-7D50-4CF6-A4E1-986CA27F608B}.Release|Any CPU.Build.0 = Release|Any CPU
		{6ED8F35E-B717-474A-AEB7-F7D4DDDB4C5B}.Debug|Any CPU.ActiveCfg = Debug|Any CPU
		{6ED8F35E-B717-474A-AEB7-F7D4DDDB4C5B}.Debug|Any CPU.Build.0 = Debug|Any CPU
		{6ED8F35E-B717-474A-AEB7-F7D4DDDB4C5B}.Release|Any CPU.ActiveCfg = Release|Any CPU
		{6ED8F35E-B717-474A-AEB7-F7D4DDDB4C5B}.Release|Any CPU.Build.0 = Release|Any CPU
		{5DC7127C-DD67-43E9-A0C1-4559A178C9A1}.Debug|Any CPU.ActiveCfg = Debug|Any CPU
		{5DC7127C-DD67-43E9-A0C1-4559A178C9A1}.Debug|Any CPU.Build.0 = Debug|Any CPU
		{5DC7127C-DD67-43E9-A0C1-4559A178C9A1}.Release|Any CPU.ActiveCfg = Release|Any CPU
		{5DC7127C-DD67-43E9-A0C1-4559A178C9A1}.Release|Any CPU.Build.0 = Release|Any CPU
		{3CACCEB7-3D9B-46A4-876C-09E61ED62816}.Debug|Any CPU.ActiveCfg = Debug|Any CPU
		{3CACCEB7-3D9B-46A4-876C-09E61ED62816}.Debug|Any CPU.Build.0 = Debug|Any CPU
		{3CACCEB7-3D9B-46A4-876C-09E61ED62816}.Release|Any CPU.ActiveCfg = Release|Any CPU
		{3CACCEB7-3D9B-46A4-876C-09E61ED62816}.Release|Any CPU.Build.0 = Release|Any CPU
		{9EE4036F-84C0-441B-B17F-C3D16A9FC2B9}.Debug|Any CPU.ActiveCfg = Debug|Any CPU
		{9EE4036F-84C0-441B-B17F-C3D16A9FC2B9}.Debug|Any CPU.Build.0 = Debug|Any CPU
		{9EE4036F-84C0-441B-B17F-C3D16A9FC2B9}.Release|Any CPU.ActiveCfg = Release|Any CPU
		{9EE4036F-84C0-441B-B17F-C3D16A9FC2B9}.Release|Any CPU.Build.0 = Release|Any CPU
		{5536B89B-569C-47C3-9067-41325C6A4DCD}.Debug|Any CPU.ActiveCfg = Debug|Any CPU
		{5536B89B-569C-47C3-9067-41325C6A4DCD}.Debug|Any CPU.Build.0 = Debug|Any CPU
		{5536B89B-569C-47C3-9067-41325C6A4DCD}.Release|Any CPU.ActiveCfg = Release|Any CPU
		{5536B89B-569C-47C3-9067-41325C6A4DCD}.Release|Any CPU.Build.0 = Release|Any CPU
		{2853B55C-ED54-499B-8EA9-638F6C40CD25}.Debug|Any CPU.ActiveCfg = Debug|Any CPU
		{2853B55C-ED54-499B-8EA9-638F6C40CD25}.Debug|Any CPU.Build.0 = Debug|Any CPU
		{2853B55C-ED54-499B-8EA9-638F6C40CD25}.Release|Any CPU.ActiveCfg = Release|Any CPU
		{2853B55C-ED54-499B-8EA9-638F6C40CD25}.Release|Any CPU.Build.0 = Release|Any CPU
		{7BFD9F49-6EC3-4CA6-8A91-B4AF38075262}.Debug|Any CPU.ActiveCfg = Debug|Any CPU
		{7BFD9F49-6EC3-4CA6-8A91-B4AF38075262}.Debug|Any CPU.Build.0 = Debug|Any CPU
		{7BFD9F49-6EC3-4CA6-8A91-B4AF38075262}.Release|Any CPU.ActiveCfg = Release|Any CPU
		{7BFD9F49-6EC3-4CA6-8A91-B4AF38075262}.Release|Any CPU.Build.0 = Release|Any CPU
		{4A4240AC-49E5-4426-9A4C-915122EC84D7}.Debug|Any CPU.ActiveCfg = Debug|Any CPU
		{4A4240AC-49E5-4426-9A4C-915122EC84D7}.Debug|Any CPU.Build.0 = Debug|Any CPU
		{4A4240AC-49E5-4426-9A4C-915122EC84D7}.Release|Any CPU.ActiveCfg = Release|Any CPU
		{4A4240AC-49E5-4426-9A4C-915122EC84D7}.Release|Any CPU.Build.0 = Release|Any CPU
		{27E94DF3-193E-409E-B88A-502D3BB79784}.Debug|Any CPU.ActiveCfg = Debug|Any CPU
		{27E94DF3-193E-409E-B88A-502D3BB79784}.Debug|Any CPU.Build.0 = Debug|Any CPU
		{27E94DF3-193E-409E-B88A-502D3BB79784}.Release|Any CPU.ActiveCfg = Release|Any CPU
		{27E94DF3-193E-409E-B88A-502D3BB79784}.Release|Any CPU.Build.0 = Release|Any CPU
		{30020204-6A41-41D2-86E5-EA61E0D2731B}.Debug|Any CPU.ActiveCfg = Debug|Any CPU
		{30020204-6A41-41D2-86E5-EA61E0D2731B}.Debug|Any CPU.Build.0 = Debug|Any CPU
		{30020204-6A41-41D2-86E5-EA61E0D2731B}.Release|Any CPU.ActiveCfg = Release|Any CPU
		{30020204-6A41-41D2-86E5-EA61E0D2731B}.Release|Any CPU.Build.0 = Release|Any CPU
		{FEAA13A3-895D-4895-9B33-9A9B217CBB84}.Debug|Any CPU.ActiveCfg = Debug|Any CPU
		{FEAA13A3-895D-4895-9B33-9A9B217CBB84}.Debug|Any CPU.Build.0 = Debug|Any CPU
		{FEAA13A3-895D-4895-9B33-9A9B217CBB84}.Release|Any CPU.ActiveCfg = Release|Any CPU
		{FEAA13A3-895D-4895-9B33-9A9B217CBB84}.Release|Any CPU.Build.0 = Release|Any CPU
		{CC410D41-DAC7-4C61-B9CA-FFF04CD1DD7D}.Debug|Any CPU.ActiveCfg = Debug|Any CPU
		{CC410D41-DAC7-4C61-B9CA-FFF04CD1DD7D}.Debug|Any CPU.Build.0 = Debug|Any CPU
		{CC410D41-DAC7-4C61-B9CA-FFF04CD1DD7D}.Release|Any CPU.ActiveCfg = Release|Any CPU
		{CC410D41-DAC7-4C61-B9CA-FFF04CD1DD7D}.Release|Any CPU.Build.0 = Release|Any CPU
		{B073ECAE-001A-4D42-8D02-1600932D314D}.Debug|Any CPU.ActiveCfg = Debug|Any CPU
		{B073ECAE-001A-4D42-8D02-1600932D314D}.Debug|Any CPU.Build.0 = Debug|Any CPU
		{B073ECAE-001A-4D42-8D02-1600932D314D}.Release|Any CPU.ActiveCfg = Release|Any CPU
		{B073ECAE-001A-4D42-8D02-1600932D314D}.Release|Any CPU.Build.0 = Release|Any CPU
		{1858C7C4-CDAF-4CEF-8716-B5A98F34F2C3}.Debug|Any CPU.ActiveCfg = Debug|Any CPU
		{1858C7C4-CDAF-4CEF-8716-B5A98F34F2C3}.Debug|Any CPU.Build.0 = Debug|Any CPU
		{1858C7C4-CDAF-4CEF-8716-B5A98F34F2C3}.Release|Any CPU.ActiveCfg = Release|Any CPU
		{1858C7C4-CDAF-4CEF-8716-B5A98F34F2C3}.Release|Any CPU.Build.0 = Release|Any CPU
		{48BBE4BF-AB87-46AC-ADA6-5C0513D31FF8}.Debug|Any CPU.ActiveCfg = Debug|Any CPU
		{48BBE4BF-AB87-46AC-ADA6-5C0513D31FF8}.Debug|Any CPU.Build.0 = Debug|Any CPU
		{48BBE4BF-AB87-46AC-ADA6-5C0513D31FF8}.Release|Any CPU.ActiveCfg = Release|Any CPU
		{48BBE4BF-AB87-46AC-ADA6-5C0513D31FF8}.Release|Any CPU.Build.0 = Release|Any CPU
		{2F5AFC6A-EF35-436B-A299-8A3729FAB322}.Debug|Any CPU.ActiveCfg = Debug|Any CPU
		{2F5AFC6A-EF35-436B-A299-8A3729FAB322}.Debug|Any CPU.Build.0 = Debug|Any CPU
		{2F5AFC6A-EF35-436B-A299-8A3729FAB322}.Release|Any CPU.ActiveCfg = Release|Any CPU
		{2F5AFC6A-EF35-436B-A299-8A3729FAB322}.Release|Any CPU.Build.0 = Release|Any CPU
		{9729C9B3-4ABC-490A-8CFA-00FA4BC4F250}.Debug|Any CPU.ActiveCfg = Debug|Any CPU
		{9729C9B3-4ABC-490A-8CFA-00FA4BC4F250}.Debug|Any CPU.Build.0 = Debug|Any CPU
		{9729C9B3-4ABC-490A-8CFA-00FA4BC4F250}.Release|Any CPU.ActiveCfg = Release|Any CPU
		{9729C9B3-4ABC-490A-8CFA-00FA4BC4F250}.Release|Any CPU.Build.0 = Release|Any CPU
		{7FBD01AE-A646-47DC-98EC-2519B3930A18}.Debug|Any CPU.ActiveCfg = Debug|Any CPU
		{7FBD01AE-A646-47DC-98EC-2519B3930A18}.Debug|Any CPU.Build.0 = Debug|Any CPU
		{7FBD01AE-A646-47DC-98EC-2519B3930A18}.Release|Any CPU.ActiveCfg = Release|Any CPU
		{7FBD01AE-A646-47DC-98EC-2519B3930A18}.Release|Any CPU.Build.0 = Release|Any CPU
		{7561C23D-6756-4D45-A895-7E0486A85FFD}.Debug|Any CPU.ActiveCfg = Debug|Any CPU
		{7561C23D-6756-4D45-A895-7E0486A85FFD}.Debug|Any CPU.Build.0 = Debug|Any CPU
		{7561C23D-6756-4D45-A895-7E0486A85FFD}.Release|Any CPU.ActiveCfg = Release|Any CPU
		{7561C23D-6756-4D45-A895-7E0486A85FFD}.Release|Any CPU.Build.0 = Release|Any CPU
		{4AC5F930-FD08-4C6E-9F22-99CE70985DEE}.Debug|Any CPU.ActiveCfg = Debug|Any CPU
		{4AC5F930-FD08-4C6E-9F22-99CE70985DEE}.Debug|Any CPU.Build.0 = Debug|Any CPU
		{4AC5F930-FD08-4C6E-9F22-99CE70985DEE}.Release|Any CPU.ActiveCfg = Release|Any CPU
		{4AC5F930-FD08-4C6E-9F22-99CE70985DEE}.Release|Any CPU.Build.0 = Release|Any CPU
		{922B221C-F55E-4F14-8961-2EFF672B56EF}.Debug|Any CPU.ActiveCfg = Debug|Any CPU
		{922B221C-F55E-4F14-8961-2EFF672B56EF}.Debug|Any CPU.Build.0 = Debug|Any CPU
		{922B221C-F55E-4F14-8961-2EFF672B56EF}.Release|Any CPU.ActiveCfg = Release|Any CPU
		{922B221C-F55E-4F14-8961-2EFF672B56EF}.Release|Any CPU.Build.0 = Release|Any CPU
		{04BADD28-BEBB-4381-9232-BC95A6912A60}.Debug|Any CPU.ActiveCfg = Debug|Any CPU
		{04BADD28-BEBB-4381-9232-BC95A6912A60}.Debug|Any CPU.Build.0 = Debug|Any CPU
		{04BADD28-BEBB-4381-9232-BC95A6912A60}.Release|Any CPU.ActiveCfg = Release|Any CPU
		{04BADD28-BEBB-4381-9232-BC95A6912A60}.Release|Any CPU.Build.0 = Release|Any CPU
		{774379C8-34A6-4B9D-A114-401BC660B1BB}.Debug|Any CPU.ActiveCfg = Debug|Any CPU
		{774379C8-34A6-4B9D-A114-401BC660B1BB}.Debug|Any CPU.Build.0 = Debug|Any CPU
		{774379C8-34A6-4B9D-A114-401BC660B1BB}.Release|Any CPU.ActiveCfg = Release|Any CPU
		{774379C8-34A6-4B9D-A114-401BC660B1BB}.Release|Any CPU.Build.0 = Release|Any CPU
		{1C40EC3C-9D39-4367-92B6-7117CAFC73EC}.Debug|Any CPU.ActiveCfg = Debug|Any CPU
		{1C40EC3C-9D39-4367-92B6-7117CAFC73EC}.Debug|Any CPU.Build.0 = Debug|Any CPU
		{1C40EC3C-9D39-4367-92B6-7117CAFC73EC}.Release|Any CPU.ActiveCfg = Release|Any CPU
		{1C40EC3C-9D39-4367-92B6-7117CAFC73EC}.Release|Any CPU.Build.0 = Release|Any CPU
		{E4355688-2D81-4FE5-9A18-94B5E013AEE7}.Debug|Any CPU.ActiveCfg = Debug|Any CPU
		{E4355688-2D81-4FE5-9A18-94B5E013AEE7}.Debug|Any CPU.Build.0 = Debug|Any CPU
		{E4355688-2D81-4FE5-9A18-94B5E013AEE7}.Release|Any CPU.ActiveCfg = Release|Any CPU
		{E4355688-2D81-4FE5-9A18-94B5E013AEE7}.Release|Any CPU.Build.0 = Release|Any CPU
		{23ADF522-31D0-40D3-9823-D415FF9B83F4}.Debug|Any CPU.ActiveCfg = Debug|Any CPU
		{23ADF522-31D0-40D3-9823-D415FF9B83F4}.Debug|Any CPU.Build.0 = Debug|Any CPU
		{23ADF522-31D0-40D3-9823-D415FF9B83F4}.Release|Any CPU.ActiveCfg = Release|Any CPU
		{23ADF522-31D0-40D3-9823-D415FF9B83F4}.Release|Any CPU.Build.0 = Release|Any CPU
		{0DAB6841-496C-4F6D-AAA0-B879F4DBB986}.Debug|Any CPU.ActiveCfg = Debug|Any CPU
		{0DAB6841-496C-4F6D-AAA0-B879F4DBB986}.Debug|Any CPU.Build.0 = Debug|Any CPU
		{0DAB6841-496C-4F6D-AAA0-B879F4DBB986}.Release|Any CPU.ActiveCfg = Release|Any CPU
		{0DAB6841-496C-4F6D-AAA0-B879F4DBB986}.Release|Any CPU.Build.0 = Release|Any CPU
		{72078339-B7E3-4389-ABFA-6C0A96B4DE59}.Debug|Any CPU.ActiveCfg = Debug|Any CPU
		{72078339-B7E3-4389-ABFA-6C0A96B4DE59}.Debug|Any CPU.Build.0 = Debug|Any CPU
		{72078339-B7E3-4389-ABFA-6C0A96B4DE59}.Release|Any CPU.ActiveCfg = Release|Any CPU
		{72078339-B7E3-4389-ABFA-6C0A96B4DE59}.Release|Any CPU.Build.0 = Release|Any CPU
		{1C7CFCC1-4927-43BB-939A-7D9D4A915190}.Debug|Any CPU.ActiveCfg = Debug|Any CPU
		{1C7CFCC1-4927-43BB-939A-7D9D4A915190}.Debug|Any CPU.Build.0 = Debug|Any CPU
		{1C7CFCC1-4927-43BB-939A-7D9D4A915190}.Release|Any CPU.ActiveCfg = Release|Any CPU
		{1C7CFCC1-4927-43BB-939A-7D9D4A915190}.Release|Any CPU.Build.0 = Release|Any CPU
		{6FB13F6A-5D11-4B3A-B336-22857A8AAF5F}.Debug|Any CPU.ActiveCfg = Debug|Any CPU
		{6FB13F6A-5D11-4B3A-B336-22857A8AAF5F}.Debug|Any CPU.Build.0 = Debug|Any CPU
		{6FB13F6A-5D11-4B3A-B336-22857A8AAF5F}.Release|Any CPU.ActiveCfg = Release|Any CPU
		{6FB13F6A-5D11-4B3A-B336-22857A8AAF5F}.Release|Any CPU.Build.0 = Release|Any CPU
		{F4F49E38-7073-4299-ABBE-421D8CD6E71B}.Debug|Any CPU.ActiveCfg = Debug|Any CPU
		{F4F49E38-7073-4299-ABBE-421D8CD6E71B}.Debug|Any CPU.Build.0 = Debug|Any CPU
		{F4F49E38-7073-4299-ABBE-421D8CD6E71B}.Release|Any CPU.ActiveCfg = Release|Any CPU
		{F4F49E38-7073-4299-ABBE-421D8CD6E71B}.Release|Any CPU.Build.0 = Release|Any CPU
		{324D6747-88A7-4E91-A427-5162D4C202EF}.Debug|Any CPU.ActiveCfg = Debug|Any CPU
		{324D6747-88A7-4E91-A427-5162D4C202EF}.Debug|Any CPU.Build.0 = Debug|Any CPU
		{324D6747-88A7-4E91-A427-5162D4C202EF}.Release|Any CPU.ActiveCfg = Release|Any CPU
		{324D6747-88A7-4E91-A427-5162D4C202EF}.Release|Any CPU.Build.0 = Release|Any CPU
		{F9371A83-FEF7-4C95-90BF-5F1E011254C6}.Debug|Any CPU.ActiveCfg = Debug|Any CPU
		{F9371A83-FEF7-4C95-90BF-5F1E011254C6}.Debug|Any CPU.Build.0 = Debug|Any CPU
		{F9371A83-FEF7-4C95-90BF-5F1E011254C6}.Release|Any CPU.ActiveCfg = Release|Any CPU
		{F9371A83-FEF7-4C95-90BF-5F1E011254C6}.Release|Any CPU.Build.0 = Release|Any CPU
		{9870428B-1535-4D86-9021-FDC488C899E1}.Debug|Any CPU.ActiveCfg = Debug|Any CPU
		{9870428B-1535-4D86-9021-FDC488C899E1}.Debug|Any CPU.Build.0 = Debug|Any CPU
		{9870428B-1535-4D86-9021-FDC488C899E1}.Release|Any CPU.ActiveCfg = Release|Any CPU
		{9870428B-1535-4D86-9021-FDC488C899E1}.Release|Any CPU.Build.0 = Release|Any CPU
		{D6C1FAC0-C795-4051-B5BB-D4B485E2D8FC}.Debug|Any CPU.ActiveCfg = Debug|Any CPU
		{D6C1FAC0-C795-4051-B5BB-D4B485E2D8FC}.Debug|Any CPU.Build.0 = Debug|Any CPU
		{D6C1FAC0-C795-4051-B5BB-D4B485E2D8FC}.Release|Any CPU.ActiveCfg = Release|Any CPU
		{D6C1FAC0-C795-4051-B5BB-D4B485E2D8FC}.Release|Any CPU.Build.0 = Release|Any CPU
		{2EB19A94-2748-441E-B56D-1855714A056B}.Debug|Any CPU.ActiveCfg = Debug|Any CPU
		{2EB19A94-2748-441E-B56D-1855714A056B}.Debug|Any CPU.Build.0 = Debug|Any CPU
		{2EB19A94-2748-441E-B56D-1855714A056B}.Release|Any CPU.ActiveCfg = Release|Any CPU
		{2EB19A94-2748-441E-B56D-1855714A056B}.Release|Any CPU.Build.0 = Release|Any CPU
	EndGlobalSection
	GlobalSection(SolutionProperties) = preSolution
		HideSolutionNode = FALSE
	EndGlobalSection
	GlobalSection(NestedProjects) = preSolution
		{72078339-B7E3-4389-ABFA-6C0A96B4DE59} = {8C03CFCE-9E47-4D38-8461-EC1E9FEC1C88}
		{F9371A83-FEF7-4C95-90BF-5F1E011254C6} = {8C03CFCE-9E47-4D38-8461-EC1E9FEC1C88}
		{948B90A0-1D72-4FBB-8F83-DD10662DA3AB} = {CF99CAB0-8111-48BA-A576-A50D825BEDA6}
		{774379C8-34A6-4B9D-A114-401BC660B1BB} = {CF99CAB0-8111-48BA-A576-A50D825BEDA6}
		{F4F49E38-7073-4299-ABBE-421D8CD6E71B} = {CF99CAB0-8111-48BA-A576-A50D825BEDA6}
		{324D6747-88A7-4E91-A427-5162D4C202EF} = {CF99CAB0-8111-48BA-A576-A50D825BEDA6}
		{9870428B-1535-4D86-9021-FDC488C899E1} = {CF99CAB0-8111-48BA-A576-A50D825BEDA6}
		{D6C1FAC0-C795-4051-B5BB-D4B485E2D8FC} = {CF99CAB0-8111-48BA-A576-A50D825BEDA6}
		{2EB19A94-2748-441E-B56D-1855714A056B} = {CF99CAB0-8111-48BA-A576-A50D825BEDA6}
		{6ED8F35E-B717-474A-AEB7-F7D4DDDB4C5B} = {9B0BC6C9-06C6-4B1C-A014-9D5F7CC942C1}
		{3CACCEB7-3D9B-46A4-876C-09E61ED62816} = {9B0BC6C9-06C6-4B1C-A014-9D5F7CC942C1}
		{9EE4036F-84C0-441B-B17F-C3D16A9FC2B9} = {9B0BC6C9-06C6-4B1C-A014-9D5F7CC942C1}
		{5536B89B-569C-47C3-9067-41325C6A4DCD} = {9B0BC6C9-06C6-4B1C-A014-9D5F7CC942C1}
		{2853B55C-ED54-499B-8EA9-638F6C40CD25} = {9B0BC6C9-06C6-4B1C-A014-9D5F7CC942C1}
		{7BFD9F49-6EC3-4CA6-8A91-B4AF38075262} = {9B0BC6C9-06C6-4B1C-A014-9D5F7CC942C1}
		{4A4240AC-49E5-4426-9A4C-915122EC84D7} = {9B0BC6C9-06C6-4B1C-A014-9D5F7CC942C1}
		{27E94DF3-193E-409E-B88A-502D3BB79784} = {9B0BC6C9-06C6-4B1C-A014-9D5F7CC942C1}
		{30020204-6A41-41D2-86E5-EA61E0D2731B} = {9B0BC6C9-06C6-4B1C-A014-9D5F7CC942C1}
		{FEAA13A3-895D-4895-9B33-9A9B217CBB84} = {9B0BC6C9-06C6-4B1C-A014-9D5F7CC942C1}
		{CC410D41-DAC7-4C61-B9CA-FFF04CD1DD7D} = {9B0BC6C9-06C6-4B1C-A014-9D5F7CC942C1}
		{B073ECAE-001A-4D42-8D02-1600932D314D} = {9B0BC6C9-06C6-4B1C-A014-9D5F7CC942C1}
		{1858C7C4-CDAF-4CEF-8716-B5A98F34F2C3} = {9B0BC6C9-06C6-4B1C-A014-9D5F7CC942C1}
		{48BBE4BF-AB87-46AC-ADA6-5C0513D31FF8} = {9B0BC6C9-06C6-4B1C-A014-9D5F7CC942C1}
		{2F5AFC6A-EF35-436B-A299-8A3729FAB322} = {9B0BC6C9-06C6-4B1C-A014-9D5F7CC942C1}
		{9729C9B3-4ABC-490A-8CFA-00FA4BC4F250} = {9B0BC6C9-06C6-4B1C-A014-9D5F7CC942C1}
		{7FBD01AE-A646-47DC-98EC-2519B3930A18} = {9B0BC6C9-06C6-4B1C-A014-9D5F7CC942C1}
		{7561C23D-6756-4D45-A895-7E0486A85FFD} = {9B0BC6C9-06C6-4B1C-A014-9D5F7CC942C1}
		{4AC5F930-FD08-4C6E-9F22-99CE70985DEE} = {9B0BC6C9-06C6-4B1C-A014-9D5F7CC942C1}
		{1C40EC3C-9D39-4367-92B6-7117CAFC73EC} = {9B0BC6C9-06C6-4B1C-A014-9D5F7CC942C1}
		{F2147785-4648-4BD4-9D73-D61E07E1B0DE} = {D03457A8-5E42-49BB-95E1-AAD8F065763C}
		{9CBF8C19-3EFF-47B0-B9F3-8084FB071A80} = {D03457A8-5E42-49BB-95E1-AAD8F065763C}
		{3B7957AB-6AED-4447-84DC-7E7AE2846C66} = {D03457A8-5E42-49BB-95E1-AAD8F065763C}
		{5B87C55E-620F-4FCE-9A13-E0530E0621FB} = {D03457A8-5E42-49BB-95E1-AAD8F065763C}
		{BBD01F42-A9A8-4426-B30C-3AF9B716C864} = {D03457A8-5E42-49BB-95E1-AAD8F065763C}
		{1145E09A-7DA1-407F-BBFB-C0F36CF21B8E} = {D03457A8-5E42-49BB-95E1-AAD8F065763C}
		{C68A1A85-7D50-4CF6-A4E1-986CA27F608B} = {D03457A8-5E42-49BB-95E1-AAD8F065763C}
		{5DC7127C-DD67-43E9-A0C1-4559A178C9A1} = {D03457A8-5E42-49BB-95E1-AAD8F065763C}
		{922B221C-F55E-4F14-8961-2EFF672B56EF} = {D03457A8-5E42-49BB-95E1-AAD8F065763C}
		{04BADD28-BEBB-4381-9232-BC95A6912A60} = {D03457A8-5E42-49BB-95E1-AAD8F065763C}
		{23ADF522-31D0-40D3-9823-D415FF9B83F4} = {D03457A8-5E42-49BB-95E1-AAD8F065763C}
		{6FB13F6A-5D11-4B3A-B336-22857A8AAF5F} = {D03457A8-5E42-49BB-95E1-AAD8F065763C}
		{E4355688-2D81-4FE5-9A18-94B5E013AEE7} = {6F937DA2-B615-4695-965E-AEAB5493D2BD}
		{0DAB6841-496C-4F6D-AAA0-B879F4DBB986} = {6F937DA2-B615-4695-965E-AEAB5493D2BD}
		{1C7CFCC1-4927-43BB-939A-7D9D4A915190} = {6F937DA2-B615-4695-965E-AEAB5493D2BD}
	EndGlobalSection
EndGlobal
