
Microsoft Visual Studio Solution File, Format Version 12.00
# Visual Studio 2012
Project("{FAE04EC0-301F-11D3-BF4B-00C04F79EFBC}") = "WinApp", "WinApp\WinApp.csproj", "{564FCD98-CC25-4A57-8860-F28A927B0F4B}"
EndProject
Project("{FAE04EC0-301F-11D3-BF4B-00C04F79EFBC}") = "Workflow", "Workflow\Workflow.csproj", "{153D66B6-63EF-4FE5-8036-6B997426CA73}"
EndProject
Global
	GlobalSection(SolutionConfigurationPlatforms) = preSolution
		Debug|Any CPU = Debug|Any CPU
		Release|Any CPU = Release|Any CPU
	EndGlobalSection
	GlobalSection(ProjectConfigurationPlatforms) = postSolution
		{153D66B6-63EF-4FE5-8036-6B997426CA73}.Debug|Any CPU.ActiveCfg = Debug|Any CPU
		{153D66B6-63EF-4FE5-8036-6B997426CA73}.Debug|Any CPU.Build.0 = Debug|Any CPU
		{153D66B6-63EF-4FE5-8036-6B997426CA73}.Release|Any CPU.ActiveCfg = Release|Any CPU
		{153D66B6-63EF-4FE5-8036-6B997426CA73}.Release|Any CPU.Build.0 = Release|Any CPU
		{564FCD98-CC25-4A57-8860-F28A927B0F4B}.Debug|Any CPU.ActiveCfg = Debug|Any CPU
		{564FCD98-CC25-4A57-8860-F28A927B0F4B}.Debug|Any CPU.Build.0 = Debug|Any CPU
		{564FCD98-CC25-4A57-8860-F28A927B0F4B}.Release|Any CPU.ActiveCfg = Release|Any CPU
		{564FCD98-CC25-4A57-8860-F28A927B0F4B}.Release|Any CPU.Build.0 = Release|Any CPU
	EndGlobalSection
	GlobalSection(SolutionProperties) = preSolution
		HideSolutionNode = FALSE
	EndGlobalSection
EndGlobal
