
Microsoft Visual Studio Solution File, Format Version 12.00
# Visual Studio 2012
Project("{FAE04EC0-301F-11D3-BF4B-00C04F79EFBC}") = "WebApp", "WebApp\WebApp.csproj", "{C66B9F98-1067-4FD3-99EE-7410B06C933A}"
EndProject
Project("{FAE04EC0-301F-11D3-BF4B-00C04F79EFBC}") = "WebApp.Tests", "WebApp.Tests\WebApp.Tests.csproj", "{637768A8-02E1-43D5-B2C0-14F03D456130}"
EndProject
Project("{FAE04EC0-301F-11D3-BF4B-00C04F79EFBC}") = "WebApi", "WebApi\WebApi.csproj", "{5BAAD96D-645B-492D-AE36-061B1E70A2F8}"
EndProject
Project("{FAE04EC0-301F-11D3-BF4B-00C04F79EFBC}") = "WebApi.Tests", "WebApi.Tests\WebApi.Tests.csproj", "{7547B16D-7630-4162-82C4-F4DF56AB5C1C}"
EndProject
Global
	GlobalSection(SolutionConfigurationPlatforms) = preSolution
		Debug|Any CPU = Debug|Any CPU
		Release|Any CPU = Release|Any CPU
	EndGlobalSection
	GlobalSection(ProjectConfigurationPlatforms) = postSolution
		{5BAAD96D-645B-492D-AE36-061B1E70A2F8}.Debug|Any CPU.ActiveCfg = Debug|Any CPU
		{5BAAD96D-645B-492D-AE36-061B1E70A2F8}.Debug|Any CPU.Build.0 = Debug|Any CPU
		{5BAAD96D-645B-492D-AE36-061B1E70A2F8}.Release|Any CPU.ActiveCfg = Release|Any CPU
		{5BAAD96D-645B-492D-AE36-061B1E70A2F8}.Release|Any CPU.Build.0 = Release|Any CPU
		{637768A8-02E1-43D5-B2C0-14F03D456130}.Debug|Any CPU.ActiveCfg = Debug|Any CPU
		{637768A8-02E1-43D5-B2C0-14F03D456130}.Debug|Any CPU.Build.0 = Debug|Any CPU
		{637768A8-02E1-43D5-B2C0-14F03D456130}.Release|Any CPU.ActiveCfg = Release|Any CPU
		{637768A8-02E1-43D5-B2C0-14F03D456130}.Release|Any CPU.Build.0 = Release|Any CPU
		{7547B16D-7630-4162-82C4-F4DF56AB5C1C}.Debug|Any CPU.ActiveCfg = Debug|Any CPU
		{7547B16D-7630-4162-82C4-F4DF56AB5C1C}.Debug|Any CPU.Build.0 = Debug|Any CPU
		{7547B16D-7630-4162-82C4-F4DF56AB5C1C}.Release|Any CPU.ActiveCfg = Release|Any CPU
		{7547B16D-7630-4162-82C4-F4DF56AB5C1C}.Release|Any CPU.Build.0 = Release|Any CPU
		{C66B9F98-1067-4FD3-99EE-7410B06C933A}.Debug|Any CPU.ActiveCfg = Debug|Any CPU
		{C66B9F98-1067-4FD3-99EE-7410B06C933A}.Debug|Any CPU.Build.0 = Debug|Any CPU
		{C66B9F98-1067-4FD3-99EE-7410B06C933A}.Release|Any CPU.ActiveCfg = Release|Any CPU
		{C66B9F98-1067-4FD3-99EE-7410B06C933A}.Release|Any CPU.Build.0 = Release|Any CPU
	EndGlobalSection
	GlobalSection(SolutionProperties) = preSolution
		HideSolutionNode = FALSE
	EndGlobalSection
EndGlobal
